
Microsoft Visual Studio Solution File, Format Version 12.00
# Visual Studio Version 17
VisualStudioVersion = 17.0.31903.59
MinimumVisualStudioVersion = 10.0.40219.1
Project("{9A19103F-16F7-4668-BE54-9A1E7A4F7556}") = "KevBlog.Api", "KevBlog.Api\KevBlog.Api.csproj", "{40C4B7A2-0157-404A-9337-0C202D8DCA95}"
EndProject
Project("{9A19103F-16F7-4668-BE54-9A1E7A4F7556}") = "KevBlog.Infrastructure", "KevBlog.Infrastructure\KevBlog.Infrastructure.csproj", "{2C52DAA1-E96D-4E0E-BA1B-AD788F1171DF}"
EndProject
Project("{9A19103F-16F7-4668-BE54-9A1E7A4F7556}") = "KevBlog.Domain", "KevBlog.Domain\KevBlog.Domain.csproj", "{D29C8307-039A-4B80-B712-889FB329E285}"
EndProject
Project("{9A19103F-16F7-4668-BE54-9A1E7A4F7556}") = "KevBlog.Application", "KevBlog.Application\KevBlog.Application.csproj", "{472283CD-5963-46BC-8807-291F3AD14A6B}"
EndProject
Project("{9A19103F-16F7-4668-BE54-9A1E7A4F7556}") = "KevBlog.UnitTests", "KevBlog.UnitTests\KevBlog.UnitTests.csproj", "{BE0B0683-A0B0-4AE8-8A06-792D7AC6FA98}"
EndProject
Project("{FAE04EC0-301F-11D3-BF4B-00C04F79EFBC}") = "KevBlog.Persistence.Aws", "KevBlog.Persistence.Aws\KevBlog.Persistence.Aws.csproj", "{14C84E7C-00A9-4DE9-96F0-9870D8B346AC}"
EndProject
Project("{FAE04EC0-301F-11D3-BF4B-00C04F79EFBC}") = "KevBlog.Persistence.Core", "KevBlog.Persistence.Core\KevBlog.Persistence.Core.csproj", "{9312449F-E54F-4B0A-92FC-2E61476E4C47}"
EndProject
Project("{FAE04EC0-301F-11D3-BF4B-00C04F79EFBC}") = "KevBlog.IntegrationTests", "KevBlog.IntegrationTests\KevBlog.IntegrationTests.csproj", "{8AEEA843-4B97-4CDB-9D0B-49FB1CDD8BC7}"
EndProject
Global
	GlobalSection(SolutionConfigurationPlatforms) = preSolution
		Debug|Any CPU = Debug|Any CPU
		Release|Any CPU = Release|Any CPU
	EndGlobalSection
	GlobalSection(ProjectConfigurationPlatforms) = postSolution
		{40C4B7A2-0157-404A-9337-0C202D8DCA95}.Debug|Any CPU.ActiveCfg = Debug|Any CPU
		{40C4B7A2-0157-404A-9337-0C202D8DCA95}.Debug|Any CPU.Build.0 = Debug|Any CPU
		{40C4B7A2-0157-404A-9337-0C202D8DCA95}.Release|Any CPU.ActiveCfg = Release|Any CPU
		{40C4B7A2-0157-404A-9337-0C202D8DCA95}.Release|Any CPU.Build.0 = Release|Any CPU
		{2C52DAA1-E96D-4E0E-BA1B-AD788F1171DF}.Debug|Any CPU.ActiveCfg = Debug|Any CPU
		{2C52DAA1-E96D-4E0E-BA1B-AD788F1171DF}.Debug|Any CPU.Build.0 = Debug|Any CPU
		{2C52DAA1-E96D-4E0E-BA1B-AD788F1171DF}.Release|Any CPU.ActiveCfg = Release|Any CPU
		{2C52DAA1-E96D-4E0E-BA1B-AD788F1171DF}.Release|Any CPU.Build.0 = Release|Any CPU
		{D29C8307-039A-4B80-B712-889FB329E285}.Debug|Any CPU.ActiveCfg = Debug|Any CPU
		{D29C8307-039A-4B80-B712-889FB329E285}.Debug|Any CPU.Build.0 = Debug|Any CPU
		{D29C8307-039A-4B80-B712-889FB329E285}.Release|Any CPU.ActiveCfg = Release|Any CPU
		{D29C8307-039A-4B80-B712-889FB329E285}.Release|Any CPU.Build.0 = Release|Any CPU
		{472283CD-5963-46BC-8807-291F3AD14A6B}.Debug|Any CPU.ActiveCfg = Debug|Any CPU
		{472283CD-5963-46BC-8807-291F3AD14A6B}.Debug|Any CPU.Build.0 = Debug|Any CPU
		{472283CD-5963-46BC-8807-291F3AD14A6B}.Release|Any CPU.ActiveCfg = Release|Any CPU
		{472283CD-5963-46BC-8807-291F3AD14A6B}.Release|Any CPU.Build.0 = Release|Any CPU
		{BE0B0683-A0B0-4AE8-8A06-792D7AC6FA98}.Debug|Any CPU.ActiveCfg = Debug|Any CPU
		{BE0B0683-A0B0-4AE8-8A06-792D7AC6FA98}.Debug|Any CPU.Build.0 = Debug|Any CPU
		{BE0B0683-A0B0-4AE8-8A06-792D7AC6FA98}.Release|Any CPU.ActiveCfg = Release|Any CPU
		{BE0B0683-A0B0-4AE8-8A06-792D7AC6FA98}.Release|Any CPU.Build.0 = Release|Any CPU
		{14C84E7C-00A9-4DE9-96F0-9870D8B346AC}.Debug|Any CPU.ActiveCfg = Debug|Any CPU
		{14C84E7C-00A9-4DE9-96F0-9870D8B346AC}.Debug|Any CPU.Build.0 = Debug|Any CPU
		{14C84E7C-00A9-4DE9-96F0-9870D8B346AC}.Release|Any CPU.ActiveCfg = Release|Any CPU
		{14C84E7C-00A9-4DE9-96F0-9870D8B346AC}.Release|Any CPU.Build.0 = Release|Any CPU
		{9312449F-E54F-4B0A-92FC-2E61476E4C47}.Debug|Any CPU.ActiveCfg = Debug|Any CPU
		{9312449F-E54F-4B0A-92FC-2E61476E4C47}.Debug|Any CPU.Build.0 = Debug|Any CPU
		{9312449F-E54F-4B0A-92FC-2E61476E4C47}.Release|Any CPU.ActiveCfg = Release|Any CPU
		{9312449F-E54F-4B0A-92FC-2E61476E4C47}.Release|Any CPU.Build.0 = Release|Any CPU
		{8AEEA843-4B97-4CDB-9D0B-49FB1CDD8BC7}.Debug|Any CPU.ActiveCfg = Debug|Any CPU
		{8AEEA843-4B97-4CDB-9D0B-49FB1CDD8BC7}.Debug|Any CPU.Build.0 = Debug|Any CPU
		{8AEEA843-4B97-4CDB-9D0B-49FB1CDD8BC7}.Release|Any CPU.ActiveCfg = Release|Any CPU
		{8AEEA843-4B97-4CDB-9D0B-49FB1CDD8BC7}.Release|Any CPU.Build.0 = Release|Any CPU
	EndGlobalSection
	GlobalSection(SolutionProperties) = preSolution
		HideSolutionNode = FALSE
	EndGlobalSection
	GlobalSection(ExtensibilityGlobals) = postSolution
		SolutionGuid = {57E4A6D6-4519-406A-A32D-865437EC2269}
	EndGlobalSection
EndGlobal
